
Microsoft Visual Studio Solution File, Format Version 12.00
# Visual Studio Version 17
VisualStudioVersion = 17.11.35327.3
MinimumVisualStudioVersion = 10.0.40219.1
Project("{8BC9CEB8-8B4A-11D0-8D11-00A0C91BC942}") = "Algorithms", "Algorithms\Algorithms.vcxproj", "{90AF6BE4-D4D2-4263-8C99-446989E35391}"
EndProject
Project("{8BC9CEB8-8B4A-11D0-8D11-00A0C91BC942}") = "DataStructures", "DataStructures\DataStructures.vcxproj", "{637E3356-9CE8-41B4-AD1F-60BE3AD1F6D7}"
EndProject
Project("{8BC9CEB8-8B4A-11D0-8D11-00A0C91BC942}") = "TestRunner", "TestRunner\TestRunner.vcxproj", "{E91A8FAE-AB77-44DB-B922-17E5E9B8BDF2}"
EndProject
Global
	GlobalSection(SolutionConfigurationPlatforms) = preSolution
		Debug|x64 = Debug|x64
		Debug|x86 = Debug|x86
		Release|x64 = Release|x64
		Release|x86 = Release|x86
	EndGlobalSection
	GlobalSection(ProjectConfigurationPlatforms) = postSolution
		{90AF6BE4-D4D2-4263-8C99-446989E35391}.Debug|x64.ActiveCfg = Debug|x64
		{90AF6BE4-D4D2-4263-8C99-446989E35391}.Debug|x64.Build.0 = Debug|x64
		{90AF6BE4-D4D2-4263-8C99-446989E35391}.Debug|x86.ActiveCfg = Debug|Win32
		{90AF6BE4-D4D2-4263-8C99-446989E35391}.Debug|x86.Build.0 = Debug|Win32
		{90AF6BE4-D4D2-4263-8C99-446989E35391}.Release|x64.ActiveCfg = Release|x64
		{90AF6BE4-D4D2-4263-8C99-446989E35391}.Release|x64.Build.0 = Release|x64
		{90AF6BE4-D4D2-4263-8C99-446989E35391}.Release|x86.ActiveCfg = Release|Win32
		{90AF6BE4-D4D2-4263-8C99-446989E35391}.Release|x86.Build.0 = Release|Win32
		{637E3356-9CE8-41B4-AD1F-60BE3AD1F6D7}.Debug|x64.ActiveCfg = Debug|x64
		{637E3356-9CE8-41B4-AD1F-60BE3AD1F6D7}.Debug|x64.Build.0 = Debug|x64
		{637E3356-9CE8-41B4-AD1F-60BE3AD1F6D7}.Debug|x86.ActiveCfg = Debug|Win32
		{637E3356-9CE8-41B4-AD1F-60BE3AD1F6D7}.Debug|x86.Build.0 = Debug|Win32
		{637E3356-9CE8-41B4-AD1F-60BE3AD1F6D7}.Release|x64.ActiveCfg = Release|x64
		{637E3356-9CE8-41B4-AD1F-60BE3AD1F6D7}.Release|x64.Build.0 = Release|x64
		{637E3356-9CE8-41B4-AD1F-60BE3AD1F6D7}.Release|x86.ActiveCfg = Release|Win32
		{637E3356-9CE8-41B4-AD1F-60BE3AD1F6D7}.Release|x86.Build.0 = Release|Win32
		{E91A8FAE-AB77-44DB-B922-17E5E9B8BDF2}.Debug|x64.ActiveCfg = Debug|x64
		{E91A8FAE-AB77-44DB-B922-17E5E9B8BDF2}.Debug|x64.Build.0 = Debug|x64
		{E91A8FAE-AB77-44DB-B922-17E5E9B8BDF2}.Debug|x86.ActiveCfg = Debug|Win32
		{E91A8FAE-AB77-44DB-B922-17E5E9B8BDF2}.Debug|x86.Build.0 = Debug|Win32
		{E91A8FAE-AB77-44DB-B922-17E5E9B8BDF2}.Release|x64.ActiveCfg = Release|x64
		{E91A8FAE-AB77-44DB-B922-17E5E9B8BDF2}.Release|x64.Build.0 = Release|x64
		{E91A8FAE-AB77-44DB-B922-17E5E9B8BDF2}.Release|x86.ActiveCfg = Release|Win32
		{E91A8FAE-AB77-44DB-B922-17E5E9B8BDF2}.Release|x86.Build.0 = Release|Win32
	EndGlobalSection
	GlobalSection(SolutionProperties) = preSolution
		HideSolutionNode = FALSE
	EndGlobalSection
	GlobalSection(ExtensibilityGlobals) = postSolution
		SolutionGuid = {423DC3D2-EBFE-491D-BD5B-94762B933F1B}
	EndGlobalSection
EndGlobal
